
Microsoft Visual Studio Solution File, Format Version 12.00
# Visual Studio Version 17
VisualStudioVersion = 17.0.31903.59
MinimumVisualStudioVersion = 10.0.40219.1
Project("{2150E333-8FDC-42A3-9474-1A3956D46DE8}") = "Course1-Fundamentals", "Course1-Fundamentals", "{5CBC7636-F695-4589-8C31-40A86B99FE70}"
EndProject
Project("{2150E333-8FDC-42A3-9474-1A3956D46DE8}") = "Exercises", "Exercises", "{351656A5-60EB-4FCD-9588-FCAEC0F7D93D}"
EndProject
Project("{2150E333-8FDC-42A3-9474-1A3956D46DE8}") = "HelloWorld", "HelloWorld", "{AED716A0-0E78-4F22-BAA7-13205A895E9F}"
EndProject
Project("{FAE04EC0-301F-11D3-BF4B-00C04F79EFBC}") = "HelloWorld", "Course1-Fundamentals\Exercises\HelloWorld\HelloWorld\HelloWorld.csproj", "{066EDF1F-E68E-4DD6-9CA3-D16D92318163}"
EndProject
Global
	GlobalSection(SolutionConfigurationPlatforms) = preSolution
		Debug|Any CPU = Debug|Any CPU
		Release|Any CPU = Release|Any CPU
	EndGlobalSection
	GlobalSection(SolutionProperties) = preSolution
		HideSolutionNode = FALSE
	EndGlobalSection
	GlobalSection(ProjectConfigurationPlatforms) = postSolution
		{066EDF1F-E68E-4DD6-9CA3-D16D92318163}.Debug|Any CPU.ActiveCfg = Debug|Any CPU
		{066EDF1F-E68E-4DD6-9CA3-D16D92318163}.Debug|Any CPU.Build.0 = Debug|Any CPU
		{066EDF1F-E68E-4DD6-9CA3-D16D92318163}.Release|Any CPU.ActiveCfg = Release|Any CPU
		{066EDF1F-E68E-4DD6-9CA3-D16D92318163}.Release|Any CPU.Build.0 = Release|Any CPU
	EndGlobalSection
	GlobalSection(NestedProjects) = preSolution
		{351656A5-60EB-4FCD-9588-FCAEC0F7D93D} = {5CBC7636-F695-4589-8C31-40A86B99FE70}
		{AED716A0-0E78-4F22-BAA7-13205A895E9F} = {351656A5-60EB-4FCD-9588-FCAEC0F7D93D}
		{066EDF1F-E68E-4DD6-9CA3-D16D92318163} = {AED716A0-0E78-4F22-BAA7-13205A895E9F}
	EndGlobalSection
EndGlobal
